{
  "nodes": {
    "libudx": {
      "flake": false,
      "locked": {
        "lastModified": 1774156281,
        "narHash": "sha256-YFCkXEEYK0lda3Q7M53HPc9RqjU9B/tbVFDYx+zqYJM=",
        "owner": "holepunchto",
        "repo": "libudx",
        "rev": "0420f6267110e919d3fcefb8d5de4385912eb353",
        "type": "github"
      },
      "original": {
        "owner": "holepunchto",
        "repo": "libudx",
        "rev": "0420f6267110e919d3fcefb8d5de4385912eb353",
        "type": "github"
      }
    },
    "nixpkgs": {
      "locked": {
        "lastModified": 1774388614,
        "narHash": "sha256-tFwzTI0DdDzovdE9+Ras6CUss0yn8P9XV4Ja6RjA+nU=",
        "owner": "NixOS",
        "repo": "nixpkgs",
        "rev": "1073dad219cb244572b74da2b20c7fe39cb3fa9e",
        "type": "github"
      },
      "original": {
        "owner": "NixOS",
        "ref": "nixos-25.11",
        "repo": "nixpkgs",
        "type": "github"
      }
    },
    "root": {
      "inputs": {
        "libudx": "libudx",
        "nixpkgs": "nixpkgs"
      }
    }
  },
  "root": "root",
  "version": 7
}
